<?xml version="1.0" encoding="UTF-8"?>
<CONFIG>
  <ProjectOptions>
    <Version Value="9"/>
    <PathDelim Value="\"/>
    <General>
      <SessionStorage Value="InProjectDir"/>
      <MainUnit Value="0"/>
      <Title Value="T2TiERPFluxoCaixa"/>
      <ResourceType Value="res"/>
      <UseXPManifest Value="True"/>
    </General>
    <i18n>
      <EnableI18N LFM="False"/>
    </i18n>
    <VersionInfo>
      <StringTable ProductVersion=""/>
    </VersionInfo>
    <BuildModes Count="1">
      <Item1 Name="Default" Default="True"/>
    </BuildModes>
    <PublishOptions>
      <Version Value="2"/>
    </PublishOptions>
    <RunParams>
      <local>
        <FormatVersion Value="1"/>
      </local>
    </RunParams>
    <RequiredPackages Count="10">
      <Item1>
        <PackageName Value="Printer4Lazarus"/>
      </Item1>
      <Item2>
        <PackageName Value="ACBr_Boleto"/>
      </Item2>
      <Item3>
        <PackageName Value="ACBr_NFe"/>
      </Item3>
      <Item4>
        <PackageName Value="rxnew"/>
      </Item4>
      <Item5>
        <PackageName Value="LabeledControls"/>
      </Item5>
      <Item6>
        <PackageName Value="FCL"/>
      </Item6>
      <Item7>
        <PackageName Value="BrookRT"/>
      </Item7>
      <Item8>
        <PackageName Value="zcore"/>
      </Item8>
      <Item9>
        <PackageName Value="SpkToolbarPackage"/>
      </Item9>
      <Item10>
        <PackageName Value="LCL"/>
      </Item10>
    </RequiredPackages>
    <Units Count="358">
      <Unit0>
        <Filename Value="T2TiERPFluxoCaixa.lpr"/>
        <IsPartOfProject Value="True"/>
        <UnitName Value="T2TiERPFluxoCaixa"/>
      </Unit0>
      <Unit1>
        <Filename Value="..\Comum\SessaoUsuario.pas"/>
        <IsPartOfProject Value="True"/>
        <UnitName Value="SessaoUsuario"/>
      </Unit1>
      <Unit2>
        <Filename Value="..\Comum\Tipos.pas"/>
        <IsPartOfProject Value="True"/>
        <UnitName Value="Tipos"/>
      </Unit2>
      <Unit3>
        <Filename Value="..\Comum\Tela\UBase.pas"/>
        <IsPartOfProject Value="True"/>
        <ComponentName Value="FBase"/>
        <HasResources Value="True"/>
        <ResourceBaseClass Value="Form"/>
        <UnitName Value="UBase"/>
      </Unit3>
      <Unit4>
        <Filename Value="..\Comum\Tela\UFiltro.pas"/>
        <IsPartOfProject Value="True"/>
        <HasResources Value="True"/>
        <UnitName Value="UFiltro"/>
      </Unit4>
      <Unit5>
        <Filename Value="..\Comum\Tela\ULogin.pas"/>
        <IsPartOfProject Value="True"/>
        <HasResources Value="True"/>
        <UnitName Value="ULogin"/>
      </Unit5>
      <Unit6>
        <Filename Value="..\Comum\Tela\ULookup.pas"/>
        <IsPartOfProject Value="True"/>
        <HasResources Value="True"/>
        <UnitName Value="ULookup"/>
      </Unit6>
      <Unit7>
        <Filename Value="..\Comum\Tela\UTela.pas"/>
        <IsPartOfProject Value="True"/>
        <ComponentName Value="FTela"/>
        <HasResources Value="True"/>
        <ResourceBaseClass Value="Form"/>
        <UnitName Value="UTela"/>
      </Unit7>
      <Unit8>
        <Filename Value="..\Comum\Tela\UTelaCadastro.pas"/>
        <IsPartOfProject Value="True"/>
        <ComponentName Value="FTelaCadastro"/>
        <HasResources Value="True"/>
        <ResourceBaseClass Value="Form"/>
        <UnitName Value="UTelaCadastro"/>
      </Unit8>
      <Unit9>
        <Filename Value="..\Comum\DataModule\UDataModule.pas"/>
        <IsPartOfProject Value="True"/>
        <ComponentName Value="FDataModule"/>
        <HasResources Value="True"/>
        <ResourceBaseClass Value="DataModule"/>
        <UnitName Value="UDataModule"/>
      </Unit9>
      <Unit10>
        <Filename Value="..\..\Comum\Biblioteca.pas"/>
        <IsPartOfProject Value="True"/>
        <UnitName Value="Biblioteca"/>
      </Unit10>
      <Unit11>
        <Filename Value="..\..\Comum\Constantes.pas"/>
        <IsPartOfProject Value="True"/>
        <UnitName Value="Constantes"/>
      </Unit11>
      <Unit12>
        <Filename Value="..\..\Comum\T2TiORM.pas"/>
        <IsPartOfProject Value="True"/>
        <UnitName Value="T2TiORM"/>
      </Unit12>
      <Unit13>
        <Filename Value="..\..\Comum\VO\AdministrativoFormularioVO.pas"/>
        <IsPartOfProject Value="True"/>
        <UnitName Value="AdministrativoFormularioVO"/>
      </Unit13>
      <Unit14>
        <Filename Value="..\..\Comum\VO\AdmParametroVO.pas"/>
        <IsPartOfProject Value="True"/>
        <UnitName Value="AdmParametroVO"/>
      </Unit14>
      <Unit15>
        <Filename Value="..\..\Comum\VO\AgenciaBancoVO.pas"/>
        <IsPartOfProject Value="True"/>
        <UnitName Value="AgenciaBancoVO"/>
      </Unit15>
      <Unit16>
        <Filename Value="..\..\Comum\VO\AidfAimdfVO.pas"/>
        <IsPartOfProject Value="True"/>
        <UnitName Value="AidfAimdfVO"/>
      </Unit16>
      <Unit17>
        <Filename Value="..\..\Comum\VO\AlmoxarifadoVO.pas"/>
        <IsPartOfProject Value="True"/>
        <UnitName Value="AlmoxarifadoVO"/>
      </Unit17>
      <Unit18>
        <Filename Value="..\..\Comum\VO\AtividadeForCliVO.pas"/>
        <IsPartOfProject Value="True"/>
        <UnitName Value="AtividadeForCliVO"/>
      </Unit18>
      <Unit19>
        <Filename Value="..\..\Comum\VO\BancoVO.pas"/>
        <IsPartOfProject Value="True"/>
        <UnitName Value="BancoVO"/>
      </Unit19>
      <Unit20>
        <Filename Value="..\..\Comum\VO\CargoVO.pas"/>
        <IsPartOfProject Value="True"/>
        <UnitName Value="CargoVO"/>
      </Unit20>
      <Unit21>
        <Filename Value="..\..\Comum\VO\CboVO.pas"/>
        <IsPartOfProject Value="True"/>
        <UnitName Value="CboVO"/>
      </Unit21>
      <Unit22>
        <Filename Value="..\..\Comum\VO\CentroResultadoVO.pas"/>
        <IsPartOfProject Value="True"/>
        <UnitName Value="CentroResultadoVO"/>
      </Unit22>
      <Unit23>
        <Filename Value="..\..\Comum\VO\CepVO.pas"/>
        <IsPartOfProject Value="True"/>
        <UnitName Value="CepVO"/>
      </Unit23>
      <Unit24>
        <Filename Value="..\..\Comum\VO\CfopVO.pas"/>
        <IsPartOfProject Value="True"/>
        <UnitName Value="CfopVO"/>
      </Unit24>
      <Unit25>
        <Filename Value="..\..\Comum\VO\ChequeVO.pas"/>
        <IsPartOfProject Value="True"/>
        <UnitName Value="ChequeVO"/>
      </Unit25>
      <Unit26>
        <Filename Value="..\..\Comum\VO\ClienteVO.pas"/>
        <IsPartOfProject Value="True"/>
        <UnitName Value="ClienteVO"/>
      </Unit26>
      <Unit27>
        <Filename Value="..\..\Comum\VO\CnaeVO.pas"/>
        <IsPartOfProject Value="True"/>
        <UnitName Value="CnaeVO"/>
      </Unit27>
      <Unit28>
        <Filename Value="..\..\Comum\VO\CodigoGpsVO.pas"/>
        <IsPartOfProject Value="True"/>
        <UnitName Value="CodigoGpsVO"/>
      </Unit28>
      <Unit29>
        <Filename Value="..\..\Comum\VO\ColaboradorVO.pas"/>
        <IsPartOfProject Value="True"/>
        <UnitName Value="ColaboradorVO"/>
      </Unit29>
      <Unit30>
        <Filename Value="..\..\Comum\VO\CompraCotacaoDetalheVO.pas"/>
        <IsPartOfProject Value="True"/>
        <UnitName Value="CompraCotacaoDetalheVO"/>
      </Unit30>
      <Unit31>
        <Filename Value="..\..\Comum\VO\CompraCotacaoPedidoDetalheVO.pas"/>
        <IsPartOfProject Value="True"/>
        <UnitName Value="CompraCotacaoPedidoDetalheVO"/>
      </Unit31>
      <Unit32>
        <Filename Value="..\..\Comum\VO\CompraCotacaoVO.pas"/>
        <IsPartOfProject Value="True"/>
        <UnitName Value="CompraCotacaoVO"/>
      </Unit32>
      <Unit33>
        <Filename Value="..\..\Comum\VO\CompraFornecedorCotacaoVO.pas"/>
        <IsPartOfProject Value="True"/>
        <UnitName Value="CompraFornecedorCotacaoVO"/>
      </Unit33>
      <Unit34>
        <Filename Value="..\..\Comum\VO\CompraPedidoDetalheVO.pas"/>
        <IsPartOfProject Value="True"/>
        <UnitName Value="CompraPedidoDetalheVO"/>
      </Unit34>
      <Unit35>
        <Filename Value="..\..\Comum\VO\CompraPedidoVO.pas"/>
        <IsPartOfProject Value="True"/>
        <UnitName Value="CompraPedidoVO"/>
      </Unit35>
      <Unit36>
        <Filename Value="..\..\Comum\VO\CompraReqCotacaoDetalheVO.pas"/>
        <IsPartOfProject Value="True"/>
        <UnitName Value="CompraReqCotacaoDetalheVO"/>
      </Unit36>
      <Unit37>
        <Filename Value="..\..\Comum\VO\CompraRequisicaoDetalheVO.pas"/>
        <IsPartOfProject Value="True"/>
        <UnitName Value="CompraRequisicaoDetalheVO"/>
      </Unit37>
      <Unit38>
        <Filename Value="..\..\Comum\VO\CompraRequisicaoVO.pas"/>
        <IsPartOfProject Value="True"/>
        <UnitName Value="CompraRequisicaoVO"/>
      </Unit38>
      <Unit39>
        <Filename Value="..\..\Comum\VO\CompraTipoPedidoVO.pas"/>
        <IsPartOfProject Value="True"/>
        <UnitName Value="CompraTipoPedidoVO"/>
      </Unit39>
      <Unit40>
        <Filename Value="..\..\Comum\VO\CompraTipoRequisicaoVO.pas"/>
        <IsPartOfProject Value="True"/>
        <UnitName Value="CompraTipoRequisicaoVO"/>
      </Unit40>
      <Unit41>
        <Filename Value="..\..\Comum\VO\ContabilContaVO.pas"/>
        <IsPartOfProject Value="True"/>
        <UnitName Value="ContabilContaVO"/>
      </Unit41>
      <Unit42>
        <Filename Value="..\..\Comum\VO\ContabilDreCabecalhoVO.pas"/>
        <IsPartOfProject Value="True"/>
        <UnitName Value="ContabilDreCabecalhoVO"/>
      </Unit42>
      <Unit43>
        <Filename Value="..\..\Comum\VO\ContabilDreDetalheVO.pas"/>
        <IsPartOfProject Value="True"/>
        <UnitName Value="ContabilDreDetalheVO"/>
      </Unit43>
      <Unit44>
        <Filename Value="..\..\Comum\VO\ContabilEncerramentoExeCabVO.pas"/>
        <IsPartOfProject Value="True"/>
        <UnitName Value="ContabilEncerramentoExeCabVO"/>
      </Unit44>
      <Unit45>
        <Filename Value="..\..\Comum\VO\ContabilEncerramentoExeDetVO.pas"/>
        <IsPartOfProject Value="True"/>
        <UnitName Value="ContabilEncerramentoExeDetVO"/>
      </Unit45>
      <Unit46>
        <Filename Value="..\..\Comum\VO\ContabilFechamentoVO.pas"/>
        <IsPartOfProject Value="True"/>
        <UnitName Value="ContabilFechamentoVO"/>
      </Unit46>
      <Unit47>
        <Filename Value="..\..\Comum\VO\ContabilHistoricoVO.pas"/>
        <IsPartOfProject Value="True"/>
        <UnitName Value="ContabilHistoricoVO"/>
      </Unit47>
      <Unit48>
        <Filename Value="..\..\Comum\VO\ContabilIndiceValorVO.pas"/>
        <IsPartOfProject Value="True"/>
        <UnitName Value="ContabilIndiceValorVO"/>
      </Unit48>
      <Unit49>
        <Filename Value="..\..\Comum\VO\ContabilIndiceVO.pas"/>
        <IsPartOfProject Value="True"/>
        <UnitName Value="ContabilIndiceVO"/>
      </Unit49>
      <Unit50>
        <Filename Value="..\..\Comum\VO\ContabilLancamentoCabecalhoVO.pas"/>
        <IsPartOfProject Value="True"/>
        <UnitName Value="ContabilLancamentoCabecalhoVO"/>
      </Unit50>
      <Unit51>
        <Filename Value="..\..\Comum\VO\ContabilLancamentoDetalheVO.pas"/>
        <IsPartOfProject Value="True"/>
        <UnitName Value="ContabilLancamentoDetalheVO"/>
      </Unit51>
      <Unit52>
        <Filename Value="..\..\Comum\VO\ContabilLancamentoOrcadoVO.pas"/>
        <IsPartOfProject Value="True"/>
        <UnitName Value="ContabilLancamentoOrcadoVO"/>
      </Unit52>
      <Unit53>
        <Filename Value="..\..\Comum\VO\ContabilLancamentoPadraoVO.pas"/>
        <IsPartOfProject Value="True"/>
        <UnitName Value="ContabilLancamentoPadraoVO"/>
      </Unit53>
      <Unit54>
        <Filename Value="..\..\Comum\VO\ContabilLivroVO.pas"/>
        <IsPartOfProject Value="True"/>
        <UnitName Value="ContabilLivroVO"/>
      </Unit54>
      <Unit55>
        <Filename Value="..\..\Comum\VO\ContabilLoteVO.pas"/>
        <IsPartOfProject Value="True"/>
        <UnitName Value="ContabilLoteVO"/>
      </Unit55>
      <Unit56>
        <Filename Value="..\..\Comum\VO\ContabilParametroVO.pas"/>
        <IsPartOfProject Value="True"/>
        <UnitName Value="ContabilParametroVO"/>
      </Unit56>
      <Unit57>
        <Filename Value="..\..\Comum\VO\ContabilTermoVO.pas"/>
        <IsPartOfProject Value="True"/>
        <UnitName Value="ContabilTermoVO"/>
      </Unit57>
      <Unit58>
        <Filename Value="..\..\Comum\VO\ContaCaixaVO.pas"/>
        <IsPartOfProject Value="True"/>
        <UnitName Value="ContaCaixaVO"/>
      </Unit58>
      <Unit59>
        <Filename Value="..\..\Comum\VO\ContadorVO.pas"/>
        <IsPartOfProject Value="True"/>
        <UnitName Value="ContadorVO"/>
      </Unit59>
      <Unit60>
        <Filename Value="..\..\Comum\VO\ContratoHistFaturamentoVO.pas"/>
        <IsPartOfProject Value="True"/>
        <UnitName Value="ContratoHistFaturamentoVO"/>
      </Unit60>
      <Unit61>
        <Filename Value="..\..\Comum\VO\ContratoHistoricoReajusteVO.pas"/>
        <IsPartOfProject Value="True"/>
        <UnitName Value="ContratoHistoricoReajusteVO"/>
      </Unit61>
      <Unit62>
        <Filename Value="..\..\Comum\VO\ContratoPrevFaturamentoVO.pas"/>
        <IsPartOfProject Value="True"/>
        <UnitName Value="ContratoPrevFaturamentoVO"/>
      </Unit62>
      <Unit63>
        <Filename Value="..\..\Comum\VO\ContratoSolicitacaoServicoVO.pas"/>
        <IsPartOfProject Value="True"/>
        <UnitName Value="ContratoSolicitacaoServicoVO"/>
      </Unit63>
      <Unit64>
        <Filename Value="..\..\Comum\VO\ContratoTemplateVO.pas"/>
        <IsPartOfProject Value="True"/>
        <UnitName Value="ContratoTemplateVO"/>
      </Unit64>
      <Unit65>
        <Filename Value="..\..\Comum\VO\ContratoTipoServicoVO.pas"/>
        <IsPartOfProject Value="True"/>
        <UnitName Value="ContratoTipoServicoVO"/>
      </Unit65>
      <Unit66>
        <Filename Value="..\..\Comum\VO\ContratoVO.pas"/>
        <IsPartOfProject Value="True"/>
        <UnitName Value="ContratoVO"/>
      </Unit66>
      <Unit67>
        <Filename Value="..\..\Comum\VO\ConvenioVO.pas"/>
        <IsPartOfProject Value="True"/>
        <UnitName Value="ConvenioVO"/>
      </Unit67>
      <Unit68>
        <Filename Value="..\..\Comum\VO\CsosnAVO.pas"/>
        <IsPartOfProject Value="True"/>
        <UnitName Value="CsosnAVO"/>
      </Unit68>
      <Unit69>
        <Filename Value="..\..\Comum\VO\CsosnBVO.pas"/>
        <IsPartOfProject Value="True"/>
        <UnitName Value="CsosnBVO"/>
      </Unit69>
      <Unit70>
        <Filename Value="..\..\Comum\VO\CstCofinsVO.pas"/>
        <IsPartOfProject Value="True"/>
        <UnitName Value="CstCofinsVO"/>
      </Unit70>
      <Unit71>
        <Filename Value="..\..\Comum\VO\CstIcmsAVO.pas"/>
        <IsPartOfProject Value="True"/>
        <UnitName Value="CstIcmsAVO"/>
      </Unit71>
      <Unit72>
        <Filename Value="..\..\Comum\VO\CstIcmsBVO.pas"/>
        <IsPartOfProject Value="True"/>
        <UnitName Value="CstIcmsBVO"/>
      </Unit72>
      <Unit73>
        <Filename Value="..\..\Comum\VO\CstIpiVO.pas"/>
        <IsPartOfProject Value="True"/>
        <UnitName Value="CstIpiVO"/>
      </Unit73>
      <Unit74>
        <Filename Value="..\..\Comum\VO\CstPisVO.pas"/>
        <IsPartOfProject Value="True"/>
        <UnitName Value="CstPisVO"/>
      </Unit74>
      <Unit75>
        <Filename Value="..\..\Comum\VO\DavCabecalhoVO.pas"/>
        <IsPartOfProject Value="True"/>
        <UnitName Value="DavCabecalhoVO"/>
      </Unit75>
      <Unit76>
        <Filename Value="..\..\Comum\VO\DavDetalheAlteracaoVO.pas"/>
        <IsPartOfProject Value="True"/>
        <UnitName Value="DavDetalheAlteracaoVO"/>
      </Unit76>
      <Unit77>
        <Filename Value="..\..\Comum\VO\DavDetalheVO.pas"/>
        <IsPartOfProject Value="True"/>
        <UnitName Value="DavDetalheVO"/>
      </Unit77>
      <Unit78>
        <Filename Value="..\..\Comum\VO\EcfE3VO.pas"/>
        <IsPartOfProject Value="True"/>
        <UnitName Value="EcfE3VO"/>
      </Unit78>
      <Unit79>
        <Filename Value="..\..\Comum\VO\EcfImpressoraVO.pas"/>
        <IsPartOfProject Value="True"/>
        <UnitName Value="EcfImpressoraVO"/>
      </Unit79>
      <Unit80>
        <Filename Value="..\..\Comum\VO\EcfNotaFiscalCabecalhoVO.pas"/>
        <IsPartOfProject Value="True"/>
        <UnitName Value="EcfNotaFiscalCabecalhoVO"/>
      </Unit80>
      <Unit81>
        <Filename Value="..\..\Comum\VO\EcfProdutoVO.pas"/>
        <IsPartOfProject Value="True"/>
        <UnitName Value="EcfProdutoVO"/>
      </Unit81>
      <Unit82>
        <Filename Value="..\..\Comum\VO\EcfR02VO.pas"/>
        <IsPartOfProject Value="True"/>
        <UnitName Value="EcfR02VO"/>
      </Unit82>
      <Unit83>
        <Filename Value="..\..\Comum\VO\EcfR03VO.pas"/>
        <IsPartOfProject Value="True"/>
        <UnitName Value="EcfR03VO"/>
      </Unit83>
      <Unit84>
        <Filename Value="..\..\Comum\VO\EcfSintegra60aVO.pas"/>
        <IsPartOfProject Value="True"/>
        <UnitName Value="EcfSintegra60aVO"/>
      </Unit84>
      <Unit85>
        <Filename Value="..\..\Comum\VO\EcfSintegra60mVO.pas"/>
        <IsPartOfProject Value="True"/>
        <UnitName Value="EcfSintegra60mVO"/>
      </Unit85>
      <Unit86>
        <Filename Value="..\..\Comum\VO\EcfVendaCabecalhoVO.pas"/>
        <IsPartOfProject Value="True"/>
        <UnitName Value="EcfVendaCabecalhoVO"/>
      </Unit86>
      <Unit87>
        <Filename Value="..\..\Comum\VO\EcfVendaDetalheVO.pas"/>
        <IsPartOfProject Value="True"/>
        <UnitName Value="EcfVendaDetalheVO"/>
      </Unit87>
      <Unit88>
        <Filename Value="..\..\Comum\VO\EfdTabela435VO.pas"/>
        <IsPartOfProject Value="True"/>
        <UnitName Value="EfdTabela435VO"/>
      </Unit88>
      <Unit89>
        <Filename Value="..\..\Comum\VO\EfdTabela436VO.pas"/>
        <IsPartOfProject Value="True"/>
        <UnitName Value="EfdTabela436VO"/>
      </Unit89>
      <Unit90>
        <Filename Value="..\..\Comum\VO\EfdTabela437VO.pas"/>
        <IsPartOfProject Value="True"/>
        <UnitName Value="EfdTabela437VO"/>
      </Unit90>
      <Unit91>
        <Filename Value="..\..\Comum\VO\EfdTabela439VO.pas"/>
        <IsPartOfProject Value="True"/>
        <UnitName Value="EfdTabela439VO"/>
      </Unit91>
      <Unit92>
        <Filename Value="..\..\Comum\VO\EfdTabela4310VO.pas"/>
        <IsPartOfProject Value="True"/>
        <UnitName Value="EfdTabela4310VO"/>
      </Unit92>
      <Unit93>
        <Filename Value="..\..\Comum\VO\EfdTabela4313VO.pas"/>
        <IsPartOfProject Value="True"/>
        <UnitName Value="EfdTabela4313VO"/>
      </Unit93>
      <Unit94>
        <Filename Value="..\..\Comum\VO\EfdTabela4314VO.pas"/>
        <IsPartOfProject Value="True"/>
        <UnitName Value="EfdTabela4314VO"/>
      </Unit94>
      <Unit95>
        <Filename Value="..\..\Comum\VO\EfdTabela4315VO.pas"/>
        <IsPartOfProject Value="True"/>
        <UnitName Value="EfdTabela4315VO"/>
      </Unit95>
      <Unit96>
        <Filename Value="..\..\Comum\VO\EfdTabela4316VO.pas"/>
        <IsPartOfProject Value="True"/>
        <UnitName Value="EfdTabela4316VO"/>
      </Unit96>
      <Unit97>
        <Filename Value="..\..\Comum\VO\EmpresaCnaeVO.pas"/>
        <IsPartOfProject Value="True"/>
        <UnitName Value="EmpresaCnaeVO"/>
      </Unit97>
      <Unit98>
        <Filename Value="..\..\Comum\VO\EmpresaContatoVO.pas"/>
        <IsPartOfProject Value="True"/>
        <UnitName Value="EmpresaContatoVO"/>
      </Unit98>
      <Unit99>
        <Filename Value="..\..\Comum\VO\EmpresaEnderecoVO.pas"/>
        <IsPartOfProject Value="True"/>
        <UnitName Value="EmpresaEnderecoVO"/>
      </Unit99>
      <Unit100>
        <Filename Value="..\..\Comum\VO\EmpresaTelefoneVO.pas"/>
        <IsPartOfProject Value="True"/>
        <UnitName Value="EmpresaTelefoneVO"/>
      </Unit100>
      <Unit101>
        <Filename Value="..\..\Comum\VO\EmpresaTransporteItinerarioVO.pas"/>
        <IsPartOfProject Value="True"/>
        <UnitName Value="EmpresaTransporteItinerarioVO"/>
      </Unit101>
      <Unit102>
        <Filename Value="..\..\Comum\VO\EmpresaVO.pas"/>
        <IsPartOfProject Value="True"/>
        <UnitName Value="EmpresaVO"/>
      </Unit102>
      <Unit103>
        <Filename Value="..\..\Comum\VO\EstadoCivilVO.pas"/>
        <IsPartOfProject Value="True"/>
        <UnitName Value="EstadoCivilVO"/>
      </Unit103>
      <Unit104>
        <Filename Value="..\..\Comum\VO\EstoqueReajusteCabecalhoVO.pas"/>
        <IsPartOfProject Value="True"/>
        <UnitName Value="EstoqueReajusteCabecalhoVO"/>
      </Unit104>
      <Unit105>
        <Filename Value="..\..\Comum\VO\EstoqueReajusteDetalheVO.pas"/>
        <IsPartOfProject Value="True"/>
        <UnitName Value="EstoqueReajusteDetalheVO"/>
      </Unit105>
      <Unit106>
        <Filename Value="..\..\Comum\VO\FapVO.pas"/>
        <IsPartOfProject Value="True"/>
        <UnitName Value="FapVO"/>
      </Unit106>
      <Unit107>
        <Filename Value="..\..\Comum\VO\FeriadosVO.pas"/>
        <IsPartOfProject Value="True"/>
        <UnitName Value="FeriadosVO"/>
      </Unit107>
      <Unit108>
        <Filename Value="..\..\Comum\VO\FeriasPeriodoAquisitivoVO.pas"/>
        <IsPartOfProject Value="True"/>
        <UnitName Value="FeriasPeriodoAquisitivoVO"/>
      </Unit108>
      <Unit109>
        <Filename Value="..\..\Comum\VO\FinChequeEmitidoVO.pas"/>
        <IsPartOfProject Value="True"/>
        <UnitName Value="FinChequeEmitidoVO"/>
      </Unit109>
      <Unit110>
        <Filename Value="..\..\Comum\VO\FinChequeRecebidoVO.pas"/>
        <IsPartOfProject Value="True"/>
        <UnitName Value="FinChequeRecebidoVO"/>
      </Unit110>
      <Unit111>
        <Filename Value="..\..\Comum\VO\FinCobrancaParcelaReceberVO.pas"/>
        <IsPartOfProject Value="True"/>
        <UnitName Value="FinCobrancaParcelaReceberVO"/>
      </Unit111>
      <Unit112>
        <Filename Value="..\..\Comum\VO\FinCobrancaVO.pas"/>
        <IsPartOfProject Value="True"/>
        <UnitName Value="FinCobrancaVO"/>
      </Unit112>
      <Unit113>
        <Filename Value="..\..\Comum\VO\FinConfiguracaoBoletoVO.pas"/>
        <IsPartOfProject Value="True"/>
        <UnitName Value="FinConfiguracaoBoletoVO"/>
      </Unit113>
      <Unit114>
        <Filename Value="..\..\Comum\VO\FinDocumentoOrigemVO.pas"/>
        <IsPartOfProject Value="True"/>
        <UnitName Value="FinDocumentoOrigemVO"/>
      </Unit114>
      <Unit115>
        <Filename Value="..\..\Comum\VO\FinExtratoContaBancoVO.pas"/>
        <IsPartOfProject Value="True"/>
        <UnitName Value="FinExtratoContaBancoVO"/>
      </Unit115>
      <Unit116>
        <Filename Value="..\..\Comum\VO\FinFechamentoCaixaBancoVO.pas"/>
        <IsPartOfProject Value="True"/>
        <UnitName Value="FinFechamentoCaixaBancoVO"/>
      </Unit116>
      <Unit117>
        <Filename Value="..\..\Comum\VO\FinLancamentoPagarVO.pas"/>
        <IsPartOfProject Value="True"/>
        <UnitName Value="FinLancamentoPagarVO"/>
      </Unit117>
      <Unit118>
        <Filename Value="..\..\Comum\VO\FinLancamentoReceberVO.pas"/>
        <IsPartOfProject Value="True"/>
        <UnitName Value="FinLancamentoReceberVO"/>
      </Unit118>
      <Unit119>
        <Filename Value="..\..\Comum\VO\FinLctoPagarNtFinanceiraVO.pas"/>
        <IsPartOfProject Value="True"/>
        <UnitName Value="FinLctoPagarNtFinanceiraVO"/>
      </Unit119>
      <Unit120>
        <Filename Value="..\..\Comum\VO\FinLctoReceberNtFinanceiraVO.pas"/>
        <IsPartOfProject Value="True"/>
        <UnitName Value="FinLctoReceberNtFinanceiraVO"/>
      </Unit120>
      <Unit121>
        <Filename Value="..\..\Comum\VO\FinPagamentoFixoVO.pas"/>
        <IsPartOfProject Value="True"/>
        <UnitName Value="FinPagamentoFixoVO"/>
      </Unit121>
      <Unit122>
        <Filename Value="..\..\Comum\VO\FinParcelaPagamentoVO.pas"/>
        <IsPartOfProject Value="True"/>
        <UnitName Value="FinParcelaPagamentoVO"/>
      </Unit122>
      <Unit123>
        <Filename Value="..\..\Comum\VO\FinParcelaPagarVO.pas"/>
        <IsPartOfProject Value="True"/>
        <UnitName Value="FinParcelaPagarVO"/>
      </Unit123>
      <Unit124>
        <Filename Value="..\..\Comum\VO\FinParcelaReceberVO.pas"/>
        <IsPartOfProject Value="True"/>
        <UnitName Value="FinParcelaReceberVO"/>
      </Unit124>
      <Unit125>
        <Filename Value="..\..\Comum\VO\FinParcelaRecebimentoVO.pas"/>
        <IsPartOfProject Value="True"/>
        <UnitName Value="FinParcelaRecebimentoVO"/>
      </Unit125>
      <Unit126>
        <Filename Value="..\..\Comum\VO\FinStatusParcelaVO.pas"/>
        <IsPartOfProject Value="True"/>
        <UnitName Value="FinStatusParcelaVO"/>
      </Unit126>
      <Unit127>
        <Filename Value="..\..\Comum\VO\FinTipoPagamentoVO.pas"/>
        <IsPartOfProject Value="True"/>
        <UnitName Value="FinTipoPagamentoVO"/>
      </Unit127>
      <Unit128>
        <Filename Value="..\..\Comum\VO\FinTipoRecebimentoVO.pas"/>
        <IsPartOfProject Value="True"/>
        <UnitName Value="FinTipoRecebimentoVO"/>
      </Unit128>
      <Unit129>
        <Filename Value="..\..\Comum\VO\FiscalApuracaoIcmsVO.pas"/>
        <IsPartOfProject Value="True"/>
        <UnitName Value="FiscalApuracaoIcmsVO"/>
      </Unit129>
      <Unit130>
        <Filename Value="..\..\Comum\VO\FiscalLivroVO.pas"/>
        <IsPartOfProject Value="True"/>
        <UnitName Value="FiscalLivroVO"/>
      </Unit130>
      <Unit131>
        <Filename Value="..\..\Comum\VO\FiscalNotaFiscalEntradaVO.pas"/>
        <IsPartOfProject Value="True"/>
        <UnitName Value="FiscalNotaFiscalEntradaVO"/>
      </Unit131>
      <Unit132>
        <Filename Value="..\..\Comum\VO\FiscalParametroVO.pas"/>
        <IsPartOfProject Value="True"/>
        <UnitName Value="FiscalParametroVO"/>
      </Unit132>
      <Unit133>
        <Filename Value="..\..\Comum\VO\FiscalTermoVO.pas"/>
        <IsPartOfProject Value="True"/>
        <UnitName Value="FiscalTermoVO"/>
      </Unit133>
      <Unit134>
        <Filename Value="..\..\Comum\VO\FolhaAfastamentoVO.pas"/>
        <IsPartOfProject Value="True"/>
        <UnitName Value="FolhaAfastamentoVO"/>
      </Unit134>
      <Unit135>
        <Filename Value="..\..\Comum\VO\FolhaEventoVO.pas"/>
        <IsPartOfProject Value="True"/>
        <UnitName Value="FolhaEventoVO"/>
      </Unit135>
      <Unit136>
        <Filename Value="..\..\Comum\VO\FolhaFechamentoVO.pas"/>
        <IsPartOfProject Value="True"/>
        <UnitName Value="FolhaFechamentoVO"/>
      </Unit136>
      <Unit137>
        <Filename Value="..\..\Comum\VO\FolhaFeriasColetivasVO.pas"/>
        <IsPartOfProject Value="True"/>
        <UnitName Value="FolhaFeriasColetivasVO"/>
      </Unit137>
      <Unit138>
        <Filename Value="..\..\Comum\VO\FolhaHistoricoSalarialVO.pas"/>
        <IsPartOfProject Value="True"/>
        <UnitName Value="FolhaHistoricoSalarialVO"/>
      </Unit138>
      <Unit139>
        <Filename Value="..\..\Comum\VO\FolhaInssRetencaoVO.pas"/>
        <IsPartOfProject Value="True"/>
        <UnitName Value="FolhaInssRetencaoVO"/>
      </Unit139>
      <Unit140>
        <Filename Value="..\..\Comum\VO\FolhaInssServicoVO.pas"/>
        <IsPartOfProject Value="True"/>
        <UnitName Value="FolhaInssServicoVO"/>
      </Unit140>
      <Unit141>
        <Filename Value="..\..\Comum\VO\FolhaInssVO.pas"/>
        <IsPartOfProject Value="True"/>
        <UnitName Value="FolhaInssVO"/>
      </Unit141>
      <Unit142>
        <Filename Value="..\..\Comum\VO\FolhaLancamentoCabecalhoVO.pas"/>
        <IsPartOfProject Value="True"/>
        <UnitName Value="FolhaLancamentoCabecalhoVO"/>
      </Unit142>
      <Unit143>
        <Filename Value="..\..\Comum\VO\FolhaLancamentoComissaoVO.pas"/>
        <IsPartOfProject Value="True"/>
        <UnitName Value="FolhaLancamentoComissaoVO"/>
      </Unit143>
      <Unit144>
        <Filename Value="..\..\Comum\VO\FolhaLancamentoDetalheVO.pas"/>
        <IsPartOfProject Value="True"/>
        <UnitName Value="FolhaLancamentoDetalheVO"/>
      </Unit144>
      <Unit145>
        <Filename Value="..\..\Comum\VO\FolhaParametroVO.pas"/>
        <IsPartOfProject Value="True"/>
        <UnitName Value="FolhaParametroVO"/>
      </Unit145>
      <Unit146>
        <Filename Value="..\..\Comum\VO\FolhaPlanoSaudeVO.pas"/>
        <IsPartOfProject Value="True"/>
        <UnitName Value="FolhaPlanoSaudeVO"/>
      </Unit146>
      <Unit147>
        <Filename Value="..\..\Comum\VO\FolhaPppAtividadeVO.pas"/>
        <IsPartOfProject Value="True"/>
        <UnitName Value="FolhaPppAtividadeVO"/>
      </Unit147>
      <Unit148>
        <Filename Value="..\..\Comum\VO\FolhaPppCatVO.pas"/>
        <IsPartOfProject Value="True"/>
        <UnitName Value="FolhaPppCatVO"/>
      </Unit148>
      <Unit149>
        <Filename Value="..\..\Comum\VO\FolhaPppExameMedicoVO.pas"/>
        <IsPartOfProject Value="True"/>
        <UnitName Value="FolhaPppExameMedicoVO"/>
      </Unit149>
      <Unit150>
        <Filename Value="..\..\Comum\VO\FolhaPppFatorRiscoVO.pas"/>
        <IsPartOfProject Value="True"/>
        <UnitName Value="FolhaPppFatorRiscoVO"/>
      </Unit150>
      <Unit151>
        <Filename Value="..\..\Comum\VO\FolhaPppVO.pas"/>
        <IsPartOfProject Value="True"/>
        <UnitName Value="FolhaPppVO"/>
      </Unit151>
      <Unit152>
        <Filename Value="..\..\Comum\VO\FolhaRescisaoVO.pas"/>
        <IsPartOfProject Value="True"/>
        <UnitName Value="FolhaRescisaoVO"/>
      </Unit152>
      <Unit153>
        <Filename Value="..\..\Comum\VO\FolhaTipoAfastamentoVO.pas"/>
        <IsPartOfProject Value="True"/>
        <UnitName Value="FolhaTipoAfastamentoVO"/>
      </Unit153>
      <Unit154>
        <Filename Value="..\..\Comum\VO\FolhaValeTransporteVO.pas"/>
        <IsPartOfProject Value="True"/>
        <UnitName Value="FolhaValeTransporteVO"/>
      </Unit154>
      <Unit155>
        <Filename Value="..\..\Comum\VO\FornecedorVO.pas"/>
        <IsPartOfProject Value="True"/>
        <UnitName Value="FornecedorVO"/>
      </Unit155>
      <Unit156>
        <Filename Value="..\..\Comum\VO\FuncaoVO.pas"/>
        <IsPartOfProject Value="True"/>
        <UnitName Value="FuncaoVO"/>
      </Unit156>
      <Unit157>
        <Filename Value="..\..\Comum\VO\GedDocumentoCabecalhoVO.pas"/>
        <IsPartOfProject Value="True"/>
        <UnitName Value="GedDocumentoCabecalhoVO"/>
      </Unit157>
      <Unit158>
        <Filename Value="..\..\Comum\VO\GedDocumentoDetalheVO.pas"/>
        <IsPartOfProject Value="True"/>
        <UnitName Value="GedDocumentoDetalheVO"/>
      </Unit158>
      <Unit159>
        <Filename Value="..\..\Comum\VO\GedTipoDocumentoVO.pas"/>
        <IsPartOfProject Value="True"/>
        <UnitName Value="GedTipoDocumentoVO"/>
      </Unit159>
      <Unit160>
        <Filename Value="..\..\Comum\VO\GedVersaoDocumentoVO.pas"/>
        <IsPartOfProject Value="True"/>
        <UnitName Value="GedVersaoDocumentoVO"/>
      </Unit160>
      <Unit161>
        <Filename Value="..\..\Comum\VO\GuiasAcumuladasVO.pas"/>
        <IsPartOfProject Value="True"/>
        <UnitName Value="GuiasAcumuladasVO"/>
      </Unit161>
      <Unit162>
        <Filename Value="..\..\Comum\VO\IndiceEconomicoVO.pas"/>
        <IsPartOfProject Value="True"/>
        <UnitName Value="IndiceEconomicoVO"/>
      </Unit162>
      <Unit163>
        <Filename Value="..\..\Comum\VO\MunicipioVO.pas"/>
        <IsPartOfProject Value="True"/>
        <UnitName Value="MunicipioVO"/>
      </Unit163>
      <Unit164>
        <Filename Value="..\..\Comum\VO\NaturezaFinanceiraVO.pas"/>
        <IsPartOfProject Value="True"/>
        <UnitName Value="NaturezaFinanceiraVO"/>
      </Unit164>
      <Unit165>
        <Filename Value="..\..\Comum\VO\NcmVO.pas"/>
        <IsPartOfProject Value="True"/>
        <UnitName Value="NcmVO"/>
      </Unit165>
      <Unit166>
        <Filename Value="..\..\Comum\VO\NfeAcessoXmlVO.pas"/>
        <IsPartOfProject Value="True"/>
        <UnitName Value="NfeAcessoXmlVO"/>
      </Unit166>
      <Unit167>
        <Filename Value="..\..\Comum\VO\NfeCabecalhoVO.pas"/>
        <IsPartOfProject Value="True"/>
        <UnitName Value="NfeCabecalhoVO"/>
      </Unit167>
      <Unit168>
        <Filename Value="..\..\Comum\VO\NfeCanaDeducoesSafraVO.pas"/>
        <IsPartOfProject Value="True"/>
        <UnitName Value="NfeCanaDeducoesSafraVO"/>
      </Unit168>
      <Unit169>
        <Filename Value="..\..\Comum\VO\NfeCanaFornecimentoDiarioVO.pas"/>
        <IsPartOfProject Value="True"/>
        <UnitName Value="NfeCanaFornecimentoDiarioVO"/>
      </Unit169>
      <Unit170>
        <Filename Value="..\..\Comum\VO\NfeCanaVO.pas"/>
        <IsPartOfProject Value="True"/>
        <UnitName Value="NfeCanaVO"/>
      </Unit170>
      <Unit171>
        <Filename Value="..\..\Comum\VO\NfeConfiguracaoVO.pas"/>
        <IsPartOfProject Value="True"/>
        <UnitName Value="NfeConfiguracaoVO"/>
      </Unit171>
      <Unit172>
        <Filename Value="..\..\Comum\VO\NfeCteReferenciadoVO.pas"/>
        <IsPartOfProject Value="True"/>
        <UnitName Value="NfeCteReferenciadoVO"/>
      </Unit172>
      <Unit173>
        <Filename Value="..\..\Comum\VO\NfeCupomFiscalReferenciadoVO.pas"/>
        <IsPartOfProject Value="True"/>
        <UnitName Value="NfeCupomFiscalReferenciadoVO"/>
      </Unit173>
      <Unit174>
        <Filename Value="..\..\Comum\VO\NfeDeclaracaoImportacaoVO.pas"/>
        <IsPartOfProject Value="True"/>
        <UnitName Value="NfeDeclaracaoImportacaoVO"/>
      </Unit174>
      <Unit175>
        <Filename Value="..\..\Comum\VO\NfeDestinatarioVO.pas"/>
        <IsPartOfProject Value="True"/>
        <UnitName Value="NfeDestinatarioVO"/>
      </Unit175>
      <Unit176>
        <Filename Value="..\..\Comum\VO\NfeDetalheImpostoCofinsVO.pas"/>
        <IsPartOfProject Value="True"/>
        <UnitName Value="NfeDetalheImpostoCofinsVO"/>
      </Unit176>
      <Unit177>
        <Filename Value="..\..\Comum\VO\NfeDetalheImpostoIcmsVO.pas"/>
        <IsPartOfProject Value="True"/>
        <UnitName Value="NfeDetalheImpostoIcmsVO"/>
      </Unit177>
      <Unit178>
        <Filename Value="..\..\Comum\VO\NfeDetalheImpostoIiVO.pas"/>
        <IsPartOfProject Value="True"/>
        <UnitName Value="NfeDetalheImpostoIiVO"/>
      </Unit178>
      <Unit179>
        <Filename Value="..\..\Comum\VO\NfeDetalheImpostoIpiVO.pas"/>
        <IsPartOfProject Value="True"/>
        <UnitName Value="NfeDetalheImpostoIpiVO"/>
      </Unit179>
      <Unit180>
        <Filename Value="..\..\Comum\VO\NfeDetalheImpostoIssqnVO.pas"/>
        <IsPartOfProject Value="True"/>
        <UnitName Value="NfeDetalheImpostoIssqnVO"/>
      </Unit180>
      <Unit181>
        <Filename Value="..\..\Comum\VO\NfeDetalheImpostoPisVO.pas"/>
        <IsPartOfProject Value="True"/>
        <UnitName Value="NfeDetalheImpostoPisVO"/>
      </Unit181>
      <Unit182>
        <Filename Value="..\..\Comum\VO\NfeDetalheVO.pas"/>
        <IsPartOfProject Value="True"/>
        <UnitName Value="NfeDetalheVO"/>
      </Unit182>
      <Unit183>
        <Filename Value="..\..\Comum\VO\NfeDetEspecificoArmamentoVO.pas"/>
        <IsPartOfProject Value="True"/>
        <UnitName Value="NfeDetEspecificoArmamentoVO"/>
      </Unit183>
      <Unit184>
        <Filename Value="..\..\Comum\VO\NfeDetEspecificoCombustivelVO.pas"/>
        <IsPartOfProject Value="True"/>
        <UnitName Value="NfeDetEspecificoCombustivelVO"/>
      </Unit184>
      <Unit185>
        <Filename Value="..\..\Comum\VO\NfeDetEspecificoMedicamentoVO.pas"/>
        <IsPartOfProject Value="True"/>
        <UnitName Value="NfeDetEspecificoMedicamentoVO"/>
      </Unit185>
      <Unit186>
        <Filename Value="..\..\Comum\VO\NfeDetEspecificoVeiculoVO.pas"/>
        <IsPartOfProject Value="True"/>
        <UnitName Value="NfeDetEspecificoVeiculoVO"/>
      </Unit186>
      <Unit187>
        <Filename Value="..\..\Comum\VO\NfeDuplicataVO.pas"/>
        <IsPartOfProject Value="True"/>
        <UnitName Value="NfeDuplicataVO"/>
      </Unit187>
      <Unit188>
        <Filename Value="..\..\Comum\VO\NfeEmitenteVO.pas"/>
        <IsPartOfProject Value="True"/>
        <UnitName Value="NfeEmitenteVO"/>
      </Unit188>
      <Unit189>
        <Filename Value="..\..\Comum\VO\NfeExportacaoVO.pas"/>
        <IsPartOfProject Value="True"/>
        <UnitName Value="NfeExportacaoVO"/>
      </Unit189>
      <Unit190>
        <Filename Value="..\..\Comum\VO\NfeFaturaVO.pas"/>
        <IsPartOfProject Value="True"/>
        <UnitName Value="NfeFaturaVO"/>
      </Unit190>
      <Unit191>
        <Filename Value="..\..\Comum\VO\NfeFormaPagamentoVO.pas"/>
        <IsPartOfProject Value="True"/>
        <UnitName Value="NfeFormaPagamentoVO"/>
      </Unit191>
      <Unit192>
        <Filename Value="..\..\Comum\VO\NfeImportacaoDetalheVO.pas"/>
        <IsPartOfProject Value="True"/>
        <UnitName Value="NfeImportacaoDetalheVO"/>
      </Unit192>
      <Unit193>
        <Filename Value="..\..\Comum\VO\NfeLocalEntregaVO.pas"/>
        <IsPartOfProject Value="True"/>
        <UnitName Value="NfeLocalEntregaVO"/>
      </Unit193>
      <Unit194>
        <Filename Value="..\..\Comum\VO\NfeLocalRetiradaVO.pas"/>
        <IsPartOfProject Value="True"/>
        <UnitName Value="NfeLocalRetiradaVO"/>
      </Unit194>
      <Unit195>
        <Filename Value="..\..\Comum\VO\NfeNfReferenciadaVO.pas"/>
        <IsPartOfProject Value="True"/>
        <UnitName Value="NfeNfReferenciadaVO"/>
      </Unit195>
      <Unit196>
        <Filename Value="..\..\Comum\VO\NfeNumeroVO.pas"/>
        <IsPartOfProject Value="True"/>
        <UnitName Value="NfeNumeroVO"/>
      </Unit196>
      <Unit197>
        <Filename Value="..\..\Comum\VO\NfeProcessoReferenciadoVO.pas"/>
        <IsPartOfProject Value="True"/>
        <UnitName Value="NfeProcessoReferenciadoVO"/>
      </Unit197>
      <Unit198>
        <Filename Value="..\..\Comum\VO\NfeProdRuralReferenciadaVO.pas"/>
        <IsPartOfProject Value="True"/>
        <UnitName Value="NfeProdRuralReferenciadaVO"/>
      </Unit198>
      <Unit199>
        <Filename Value="..\..\Comum\VO\NfeReferenciadaVO.pas"/>
        <IsPartOfProject Value="True"/>
        <UnitName Value="NfeReferenciadaVO"/>
      </Unit199>
      <Unit200>
        <Filename Value="..\..\Comum\VO\NfeTransporteReboqueVO.pas"/>
        <IsPartOfProject Value="True"/>
        <UnitName Value="NfeTransporteReboqueVO"/>
      </Unit200>
      <Unit201>
        <Filename Value="..\..\Comum\VO\NfeTransporteVO.pas"/>
        <IsPartOfProject Value="True"/>
        <UnitName Value="NfeTransporteVO"/>
      </Unit201>
      <Unit202>
        <Filename Value="..\..\Comum\VO\NfeTransporteVolumeLacreVO.pas"/>
        <IsPartOfProject Value="True"/>
        <UnitName Value="NfeTransporteVolumeLacreVO"/>
      </Unit202>
      <Unit203>
        <Filename Value="..\..\Comum\VO\NfeTransporteVolumeVO.pas"/>
        <IsPartOfProject Value="True"/>
        <UnitName Value="NfeTransporteVolumeVO"/>
      </Unit203>
      <Unit204>
        <Filename Value="..\..\Comum\VO\NivelFormacaoVO.pas"/>
        <IsPartOfProject Value="True"/>
        <UnitName Value="NivelFormacaoVO"/>
      </Unit204>
      <Unit205>
        <Filename Value="..\..\Comum\VO\NotaFiscalTipoVO.pas"/>
        <IsPartOfProject Value="True"/>
        <UnitName Value="NotaFiscalTipoVO"/>
      </Unit205>
      <Unit206>
        <Filename Value="..\..\Comum\VO\OperadoraCartaoVO.pas"/>
        <IsPartOfProject Value="True"/>
        <UnitName Value="OperadoraCartaoVO"/>
      </Unit206>
      <Unit207>
        <Filename Value="..\..\Comum\VO\OperadoraPlanoSaudeVO.pas"/>
        <IsPartOfProject Value="True"/>
        <UnitName Value="OperadoraPlanoSaudeVO"/>
      </Unit207>
      <Unit208>
        <Filename Value="..\..\Comum\VO\OrcamentoDetalheVO.pas"/>
        <IsPartOfProject Value="True"/>
        <UnitName Value="OrcamentoDetalheVO"/>
      </Unit208>
      <Unit209>
        <Filename Value="..\..\Comum\VO\OrcamentoEmpresarialVO.pas"/>
        <IsPartOfProject Value="True"/>
        <UnitName Value="OrcamentoEmpresarialVO"/>
      </Unit209>
      <Unit210>
        <Filename Value="..\..\Comum\VO\OrcamentoFluxoCaixaDetalheVO.pas"/>
        <IsPartOfProject Value="True"/>
        <UnitName Value="OrcamentoFluxoCaixaDetalheVO"/>
      </Unit210>
      <Unit211>
        <Filename Value="..\..\Comum\VO\OrcamentoFluxoCaixaPeriodoVO.pas"/>
        <IsPartOfProject Value="True"/>
        <UnitName Value="OrcamentoFluxoCaixaPeriodoVO"/>
      </Unit211>
      <Unit212>
        <Filename Value="..\..\Comum\VO\OrcamentoFluxoCaixaVO.pas"/>
        <IsPartOfProject Value="True"/>
        <UnitName Value="OrcamentoFluxoCaixaVO"/>
      </Unit212>
      <Unit213>
        <Filename Value="..\..\Comum\VO\OrcamentoPeriodoVO.pas"/>
        <IsPartOfProject Value="True"/>
        <UnitName Value="OrcamentoPeriodoVO"/>
      </Unit213>
      <Unit214>
        <Filename Value="..\..\Comum\VO\PaisVO.pas"/>
        <IsPartOfProject Value="True"/>
        <UnitName Value="PaisVO"/>
      </Unit214>
      <Unit215>
        <Filename Value="..\..\Comum\VO\PapelFuncaoVO.pas"/>
        <IsPartOfProject Value="True"/>
        <UnitName Value="PapelFuncaoVO"/>
      </Unit215>
      <Unit216>
        <Filename Value="..\..\Comum\VO\PapelVO.pas"/>
        <IsPartOfProject Value="True"/>
        <UnitName Value="PapelVO"/>
      </Unit216>
      <Unit217>
        <Filename Value="..\..\Comum\VO\PatrimApoliceSeguroVO.pas"/>
        <IsPartOfProject Value="True"/>
        <UnitName Value="PatrimApoliceSeguroVO"/>
      </Unit217>
      <Unit218>
        <Filename Value="..\..\Comum\VO\PatrimBemVO.pas"/>
        <IsPartOfProject Value="True"/>
        <UnitName Value="PatrimBemVO"/>
      </Unit218>
      <Unit219>
        <Filename Value="..\..\Comum\VO\PatrimDepreciacaoBemVO.pas"/>
        <IsPartOfProject Value="True"/>
        <UnitName Value="PatrimDepreciacaoBemVO"/>
      </Unit219>
      <Unit220>
        <Filename Value="..\..\Comum\VO\PatrimDocumentoBemVO.pas"/>
        <IsPartOfProject Value="True"/>
        <UnitName Value="PatrimDocumentoBemVO"/>
      </Unit220>
      <Unit221>
        <Filename Value="..\..\Comum\VO\PatrimEstadoConservacaoVO.pas"/>
        <IsPartOfProject Value="True"/>
        <UnitName Value="PatrimEstadoConservacaoVO"/>
      </Unit221>
      <Unit222>
        <Filename Value="..\..\Comum\VO\PatrimGrupoBemVO.pas"/>
        <IsPartOfProject Value="True"/>
        <UnitName Value="PatrimGrupoBemVO"/>
      </Unit222>
      <Unit223>
        <Filename Value="..\..\Comum\VO\PatrimIndiceAtualizacaoVO.pas"/>
        <IsPartOfProject Value="True"/>
        <UnitName Value="PatrimIndiceAtualizacaoVO"/>
      </Unit223>
      <Unit224>
        <Filename Value="..\..\Comum\VO\PatrimMovimentacaoBemVO.pas"/>
        <IsPartOfProject Value="True"/>
        <UnitName Value="PatrimMovimentacaoBemVO"/>
      </Unit224>
      <Unit225>
        <Filename Value="..\..\Comum\VO\PatrimTaxaDepreciacaoVO.pas"/>
        <IsPartOfProject Value="True"/>
        <UnitName Value="PatrimTaxaDepreciacaoVO"/>
      </Unit225>
      <Unit226>
        <Filename Value="..\..\Comum\VO\PatrimTipoAquisicaoBemVO.pas"/>
        <IsPartOfProject Value="True"/>
        <UnitName Value="PatrimTipoAquisicaoBemVO"/>
      </Unit226>
      <Unit227>
        <Filename Value="..\..\Comum\VO\PatrimTipoMovimentacaoVO.pas"/>
        <IsPartOfProject Value="True"/>
        <UnitName Value="PatrimTipoMovimentacaoVO"/>
      </Unit227>
      <Unit228>
        <Filename Value="..\..\Comum\VO\PessoaAlteracaoVO.pas"/>
        <IsPartOfProject Value="True"/>
        <UnitName Value="PessoaAlteracaoVO"/>
      </Unit228>
      <Unit229>
        <Filename Value="..\..\Comum\VO\PessoaContatoVO.pas"/>
        <IsPartOfProject Value="True"/>
        <UnitName Value="PessoaContatoVO"/>
      </Unit229>
      <Unit230>
        <Filename Value="..\..\Comum\VO\PessoaEnderecoVO.pas"/>
        <IsPartOfProject Value="True"/>
        <UnitName Value="PessoaEnderecoVO"/>
      </Unit230>
      <Unit231>
        <Filename Value="..\..\Comum\VO\PessoaFisicaVO.pas"/>
        <IsPartOfProject Value="True"/>
        <UnitName Value="PessoaFisicaVO"/>
      </Unit231>
      <Unit232>
        <Filename Value="..\..\Comum\VO\PessoaJuridicaVO.pas"/>
        <IsPartOfProject Value="True"/>
        <UnitName Value="PessoaJuridicaVO"/>
      </Unit232>
      <Unit233>
        <Filename Value="..\..\Comum\VO\PessoaTelefoneVO.pas"/>
        <IsPartOfProject Value="True"/>
        <UnitName Value="PessoaTelefoneVO"/>
      </Unit233>
      <Unit234>
        <Filename Value="..\..\Comum\VO\PessoaVO.pas"/>
        <IsPartOfProject Value="True"/>
        <UnitName Value="PessoaVO"/>
      </Unit234>
      <Unit235>
        <Filename Value="..\..\Comum\VO\PlanoCentroResultadoVO.pas"/>
        <IsPartOfProject Value="True"/>
        <UnitName Value="PlanoCentroResultadoVO"/>
      </Unit235>
      <Unit236>
        <Filename Value="..\..\Comum\VO\PlanoContaRefSpedVO.pas"/>
        <IsPartOfProject Value="True"/>
        <UnitName Value="PlanoContaRefSpedVO"/>
      </Unit236>
      <Unit237>
        <Filename Value="..\..\Comum\VO\PlanoContaVO.pas"/>
        <IsPartOfProject Value="True"/>
        <UnitName Value="PlanoContaVO"/>
      </Unit237>
      <Unit238>
        <Filename Value="..\..\Comum\VO\PlanoNaturezaFinanceiraVO.pas"/>
        <IsPartOfProject Value="True"/>
        <UnitName Value="PlanoNaturezaFinanceiraVO"/>
      </Unit238>
      <Unit239>
        <Filename Value="..\..\Comum\VO\PontoAbonoUtilizacaoVO.pas"/>
        <IsPartOfProject Value="True"/>
        <UnitName Value="PontoAbonoUtilizacaoVO"/>
      </Unit239>
      <Unit240>
        <Filename Value="..\..\Comum\VO\PontoAbonoVO.pas"/>
        <IsPartOfProject Value="True"/>
        <UnitName Value="PontoAbonoVO"/>
      </Unit240>
      <Unit241>
        <Filename Value="..\..\Comum\VO\PontoBancoHorasUtilizacaoVO.pas"/>
        <IsPartOfProject Value="True"/>
        <UnitName Value="PontoBancoHorasUtilizacaoVO"/>
      </Unit241>
      <Unit242>
        <Filename Value="..\..\Comum\VO\PontoBancoHorasVO.pas"/>
        <IsPartOfProject Value="True"/>
        <UnitName Value="PontoBancoHorasVO"/>
      </Unit242>
      <Unit243>
        <Filename Value="..\..\Comum\VO\PontoClassificacaoJornadaVO.pas"/>
        <IsPartOfProject Value="True"/>
        <UnitName Value="PontoClassificacaoJornadaVO"/>
      </Unit243>
      <Unit244>
        <Filename Value="..\..\Comum\VO\PontoEscalaVO.pas"/>
        <IsPartOfProject Value="True"/>
        <UnitName Value="PontoEscalaVO"/>
      </Unit244>
      <Unit245>
        <Filename Value="..\..\Comum\VO\PontoFechamentoJornadaVO.pas"/>
        <IsPartOfProject Value="True"/>
        <UnitName Value="PontoFechamentoJornadaVO"/>
      </Unit245>
      <Unit246>
        <Filename Value="..\..\Comum\VO\PontoHorarioAutorizadoVO.pas"/>
        <IsPartOfProject Value="True"/>
        <UnitName Value="PontoHorarioAutorizadoVO"/>
      </Unit246>
      <Unit247>
        <Filename Value="..\..\Comum\VO\PontoHorarioVO.pas"/>
        <IsPartOfProject Value="True"/>
        <UnitName Value="PontoHorarioVO"/>
      </Unit247>
      <Unit248>
        <Filename Value="..\..\Comum\VO\PontoMarcacaoVO.pas"/>
        <IsPartOfProject Value="True"/>
        <UnitName Value="PontoMarcacaoVO"/>
      </Unit248>
      <Unit249>
        <Filename Value="..\..\Comum\VO\PontoParametroVO.pas"/>
        <IsPartOfProject Value="True"/>
        <UnitName Value="PontoParametroVO"/>
      </Unit249>
      <Unit250>
        <Filename Value="..\..\Comum\VO\PontoRelogioVO.pas"/>
        <IsPartOfProject Value="True"/>
        <UnitName Value="PontoRelogioVO"/>
      </Unit250>
      <Unit251>
        <Filename Value="..\..\Comum\VO\PontoTurmaVO.pas"/>
        <IsPartOfProject Value="True"/>
        <UnitName Value="PontoTurmaVO"/>
      </Unit251>
      <Unit252>
        <Filename Value="..\..\Comum\VO\PreVendaCabecalhoVO.pas"/>
        <IsPartOfProject Value="True"/>
        <UnitName Value="PreVendaCabecalhoVO"/>
      </Unit252>
      <Unit253>
        <Filename Value="..\..\Comum\VO\PreVendaDetalheVO.pas"/>
        <IsPartOfProject Value="True"/>
        <UnitName Value="PreVendaDetalheVO"/>
      </Unit253>
      <Unit254>
        <Filename Value="..\..\Comum\VO\ProdutoAlteracaoItemVO.pas"/>
        <IsPartOfProject Value="True"/>
        <UnitName Value="ProdutoAlteracaoItemVO"/>
      </Unit254>
      <Unit255>
        <Filename Value="..\..\Comum\VO\ProdutoGrupoVO.pas"/>
        <IsPartOfProject Value="True"/>
        <UnitName Value="ProdutoGrupoVO"/>
      </Unit255>
      <Unit256>
        <Filename Value="..\..\Comum\VO\ProdutoLoteVO.pas"/>
        <IsPartOfProject Value="True"/>
        <UnitName Value="ProdutoLoteVO"/>
      </Unit256>
      <Unit257>
        <Filename Value="..\..\Comum\VO\ProdutoMarcaVO.pas"/>
        <IsPartOfProject Value="True"/>
        <UnitName Value="ProdutoMarcaVO"/>
      </Unit257>
      <Unit258>
        <Filename Value="..\..\Comum\VO\ProdutoSubGrupoVO.pas"/>
        <IsPartOfProject Value="True"/>
        <UnitName Value="ProdutoSubGrupoVO"/>
      </Unit258>
      <Unit259>
        <Filename Value="..\..\Comum\VO\ProdutoVO.pas"/>
        <IsPartOfProject Value="True"/>
        <UnitName Value="ProdutoVO"/>
      </Unit259>
      <Unit260>
        <Filename Value="..\..\Comum\VO\QuadroSocietarioVO.pas"/>
        <IsPartOfProject Value="True"/>
        <UnitName Value="QuadroSocietarioVO"/>
      </Unit260>
      <Unit261>
        <Filename Value="..\..\Comum\VO\RegistroCartorioVO.pas"/>
        <IsPartOfProject Value="True"/>
        <UnitName Value="RegistroCartorioVO"/>
      </Unit261>
      <Unit262>
        <Filename Value="..\..\Comum\VO\RequisicaoInternaCabecalhoVO.pas"/>
        <IsPartOfProject Value="True"/>
        <UnitName Value="RequisicaoInternaCabecalhoVO"/>
      </Unit262>
      <Unit263>
        <Filename Value="..\..\Comum\VO\RequisicaoInternaDetalheVO.pas"/>
        <IsPartOfProject Value="True"/>
        <UnitName Value="RequisicaoInternaDetalheVO"/>
      </Unit263>
      <Unit264>
        <Filename Value="..\..\Comum\VO\SalarioMinimoVO.pas"/>
        <IsPartOfProject Value="True"/>
        <UnitName Value="SalarioMinimoVO"/>
      </Unit264>
      <Unit265>
        <Filename Value="..\..\Comum\VO\SefipCategoriaTrabalhoVO.pas"/>
        <IsPartOfProject Value="True"/>
        <UnitName Value="SefipCategoriaTrabalhoVO"/>
      </Unit265>
      <Unit266>
        <Filename Value="..\..\Comum\VO\SefipCodigoMovimentacaoVO.pas"/>
        <IsPartOfProject Value="True"/>
        <UnitName Value="SefipCodigoMovimentacaoVO"/>
      </Unit266>
      <Unit267>
        <Filename Value="..\..\Comum\VO\SefipCodigoRecolhimentoVO.pas"/>
        <IsPartOfProject Value="True"/>
        <UnitName Value="SefipCodigoRecolhimentoVO"/>
      </Unit267>
      <Unit268>
        <Filename Value="..\..\Comum\VO\SeguradoraVO.pas"/>
        <IsPartOfProject Value="True"/>
        <UnitName Value="SeguradoraVO"/>
      </Unit268>
      <Unit269>
        <Filename Value="..\..\Comum\VO\SetorVO.pas"/>
        <IsPartOfProject Value="True"/>
        <UnitName Value="SetorVO"/>
      </Unit269>
      <Unit270>
        <Filename Value="..\..\Comum\VO\SimplesNacionalCabecalhoVO.pas"/>
        <IsPartOfProject Value="True"/>
        <UnitName Value="SimplesNacionalCabecalhoVO"/>
      </Unit270>
      <Unit271>
        <Filename Value="..\..\Comum\VO\SimplesNacionalDetalheVO.pas"/>
        <IsPartOfProject Value="True"/>
        <UnitName Value="SimplesNacionalDetalheVO"/>
      </Unit271>
      <Unit272>
        <Filename Value="..\..\Comum\VO\SindicatoVO.pas"/>
        <IsPartOfProject Value="True"/>
        <UnitName Value="SindicatoVO"/>
      </Unit272>
      <Unit273>
        <Filename Value="..\..\Comum\VO\SituacaoColaboradorVO.pas"/>
        <IsPartOfProject Value="True"/>
        <UnitName Value="SituacaoColaboradorVO"/>
      </Unit273>
      <Unit274>
        <Filename Value="..\..\Comum\VO\SituacaoDocumentoVO.pas"/>
        <IsPartOfProject Value="True"/>
        <UnitName Value="SituacaoDocumentoVO"/>
      </Unit274>
      <Unit275>
        <Filename Value="..\..\Comum\VO\SituacaoForCliVO.pas"/>
        <IsPartOfProject Value="True"/>
        <UnitName Value="SituacaoForCliVO"/>
      </Unit275>
      <Unit276>
        <Filename Value="..\..\Comum\VO\SocioDependenteVO.pas"/>
        <IsPartOfProject Value="True"/>
        <UnitName Value="SocioDependenteVO"/>
      </Unit276>
      <Unit277>
        <Filename Value="..\..\Comum\VO\SocioParticipacaoSocietariaVO.pas"/>
        <IsPartOfProject Value="True"/>
        <UnitName Value="SocioParticipacaoSocietariaVO"/>
      </Unit277>
      <Unit278>
        <Filename Value="..\..\Comum\VO\SocioVO.pas"/>
        <IsPartOfProject Value="True"/>
        <UnitName Value="SocioVO"/>
      </Unit278>
      <Unit279>
        <Filename Value="..\..\Comum\VO\TalonarioChequeVO.pas"/>
        <IsPartOfProject Value="True"/>
        <UnitName Value="TalonarioChequeVO"/>
      </Unit279>
      <Unit280>
        <Filename Value="..\..\Comum\VO\TipoAdmissaoVO.pas"/>
        <IsPartOfProject Value="True"/>
        <UnitName Value="TipoAdmissaoVO"/>
      </Unit280>
      <Unit281>
        <Filename Value="..\..\Comum\VO\TipoColaboradorVO.pas"/>
        <IsPartOfProject Value="True"/>
        <UnitName Value="TipoColaboradorVO"/>
      </Unit281>
      <Unit282>
        <Filename Value="..\..\Comum\VO\TipoContratoVO.pas"/>
        <IsPartOfProject Value="True"/>
        <UnitName Value="TipoContratoVO"/>
      </Unit282>
      <Unit283>
        <Filename Value="..\..\Comum\VO\TipoDesligamentoVO.pas"/>
        <IsPartOfProject Value="True"/>
        <UnitName Value="TipoDesligamentoVO"/>
      </Unit283>
      <Unit284>
        <Filename Value="..\..\Comum\VO\TipoItemSpedVO.pas"/>
        <IsPartOfProject Value="True"/>
        <UnitName Value="TipoItemSpedVO"/>
      </Unit284>
      <Unit285>
        <Filename Value="..\..\Comum\VO\TipoReceitaDipiVO.pas"/>
        <IsPartOfProject Value="True"/>
        <UnitName Value="TipoReceitaDipiVO"/>
      </Unit285>
      <Unit286>
        <Filename Value="..\..\Comum\VO\TipoRelacionamentoVO.pas"/>
        <IsPartOfProject Value="True"/>
        <UnitName Value="TipoRelacionamentoVO"/>
      </Unit286>
      <Unit287>
        <Filename Value="..\..\Comum\VO\TributCofinsCodApuracaoVO.pas"/>
        <IsPartOfProject Value="True"/>
        <UnitName Value="TributCofinsCodApuracaoVO"/>
      </Unit287>
      <Unit288>
        <Filename Value="..\..\Comum\VO\TributConfiguraOfGtVO.pas"/>
        <IsPartOfProject Value="True"/>
        <UnitName Value="TributConfiguraOfGtVO"/>
      </Unit288>
      <Unit289>
        <Filename Value="..\..\Comum\VO\TributGrupoTributarioVO.pas"/>
        <IsPartOfProject Value="True"/>
        <UnitName Value="TributGrupoTributarioVO"/>
      </Unit289>
      <Unit290>
        <Filename Value="..\..\Comum\VO\TributIcmsCustomCabVO.pas"/>
        <IsPartOfProject Value="True"/>
        <UnitName Value="TributIcmsCustomCabVO"/>
      </Unit290>
      <Unit291>
        <Filename Value="..\..\Comum\VO\TributIcmsCustomDetVO.pas"/>
        <IsPartOfProject Value="True"/>
        <UnitName Value="TributIcmsCustomDetVO"/>
      </Unit291>
      <Unit292>
        <Filename Value="..\..\Comum\VO\TributIcmsUfVO.pas"/>
        <IsPartOfProject Value="True"/>
        <UnitName Value="TributIcmsUfVO"/>
      </Unit292>
      <Unit293>
        <Filename Value="..\..\Comum\VO\TributIpiDipiVO.pas"/>
        <IsPartOfProject Value="True"/>
        <UnitName Value="TributIpiDipiVO"/>
      </Unit293>
      <Unit294>
        <Filename Value="..\..\Comum\VO\TributIssVO.pas"/>
        <IsPartOfProject Value="True"/>
        <UnitName Value="TributIssVO"/>
      </Unit294>
      <Unit295>
        <Filename Value="..\..\Comum\VO\TributOperacaoFiscalVO.pas"/>
        <IsPartOfProject Value="True"/>
        <UnitName Value="TributOperacaoFiscalVO"/>
      </Unit295>
      <Unit296>
        <Filename Value="..\..\Comum\VO\TributPisCodApuracaoVO.pas"/>
        <IsPartOfProject Value="True"/>
        <UnitName Value="TributPisCodApuracaoVO"/>
      </Unit296>
      <Unit297>
        <Filename Value="..\..\Comum\VO\UfVO.pas"/>
        <IsPartOfProject Value="True"/>
        <UnitName Value="UfVO"/>
      </Unit297>
      <Unit298>
        <Filename Value="..\..\Comum\VO\UnidadeConversaoVO.pas"/>
        <IsPartOfProject Value="True"/>
        <UnitName Value="UnidadeConversaoVO"/>
      </Unit298>
      <Unit299>
        <Filename Value="..\..\Comum\VO\UnidadeProdutoVO.pas"/>
        <IsPartOfProject Value="True"/>
        <UnitName Value="UnidadeProdutoVO"/>
      </Unit299>
      <Unit300>
        <Filename Value="..\..\Comum\VO\UsuarioVO.pas"/>
        <IsPartOfProject Value="True"/>
        <UnitName Value="UsuarioVO"/>
      </Unit300>
      <Unit301>
        <Filename Value="..\..\Comum\VO\VendaCabecalhoVO.pas"/>
        <IsPartOfProject Value="True"/>
        <UnitName Value="VendaCabecalhoVO"/>
      </Unit301>
      <Unit302>
        <Filename Value="..\..\Comum\VO\VendaComissaoVO.pas"/>
        <IsPartOfProject Value="True"/>
        <UnitName Value="VendaComissaoVO"/>
      </Unit302>
      <Unit303>
        <Filename Value="..\..\Comum\VO\VendaCondicoesPagamentoVO.pas"/>
        <IsPartOfProject Value="True"/>
        <UnitName Value="VendaCondicoesPagamentoVO"/>
      </Unit303>
      <Unit304>
        <Filename Value="..\..\Comum\VO\VendaCondicoesParcelasVO.pas"/>
        <IsPartOfProject Value="True"/>
        <UnitName Value="VendaCondicoesParcelasVO"/>
      </Unit304>
      <Unit305>
        <Filename Value="..\..\Comum\VO\VendaDetalheVO.pas"/>
        <IsPartOfProject Value="True"/>
        <UnitName Value="VendaDetalheVO"/>
      </Unit305>
      <Unit306>
        <Filename Value="..\..\Comum\VO\VendaFreteVO.pas"/>
        <IsPartOfProject Value="True"/>
        <UnitName Value="VendaFreteVO"/>
      </Unit306>
      <Unit307>
        <Filename Value="..\..\Comum\VO\VendaOrcamentoCabecalhoVO.pas"/>
        <IsPartOfProject Value="True"/>
        <UnitName Value="VendaOrcamentoCabecalhoVO"/>
      </Unit307>
      <Unit308>
        <Filename Value="..\..\Comum\VO\VendaOrcamentoDetalheVO.pas"/>
        <IsPartOfProject Value="True"/>
        <UnitName Value="VendaOrcamentoDetalheVO"/>
      </Unit308>
      <Unit309>
        <Filename Value="..\..\Comum\VO\VendaRomaneioEntregaVO.pas"/>
        <IsPartOfProject Value="True"/>
        <UnitName Value="VendaRomaneioEntregaVO"/>
      </Unit309>
      <Unit310>
        <Filename Value="..\..\Comum\VO\VendedorVO.pas"/>
        <IsPartOfProject Value="True"/>
        <UnitName Value="VendedorVO"/>
      </Unit310>
      <Unit311>
        <Filename Value="..\..\Comum\VO\ViewCompraItemCotacaoVO.pas"/>
        <IsPartOfProject Value="True"/>
        <UnitName Value="ViewCompraItemCotacaoVO"/>
      </Unit311>
      <Unit312>
        <Filename Value="..\..\Comum\VO\ViewCompraMapaComparativoVO.pas"/>
        <IsPartOfProject Value="True"/>
        <UnitName Value="ViewCompraMapaComparativoVO"/>
      </Unit312>
      <Unit313>
        <Filename Value="..\..\Comum\VO\ViewCompraReqItemCotadoVO.pas"/>
        <IsPartOfProject Value="True"/>
        <UnitName Value="ViewCompraReqItemCotadoVO"/>
      </Unit313>
      <Unit314>
        <Filename Value="..\..\Comum\VO\ViewConciliaClienteVO.pas"/>
        <IsPartOfProject Value="True"/>
        <UnitName Value="ViewConciliaClienteVO"/>
      </Unit314>
      <Unit315>
        <Filename Value="..\..\Comum\VO\ViewConciliaFornecedorVO.pas"/>
        <IsPartOfProject Value="True"/>
        <UnitName Value="ViewConciliaFornecedorVO"/>
      </Unit315>
      <Unit316>
        <Filename Value="..\..\Comum\VO\ViewContratoDadosContratanteVO.pas"/>
        <IsPartOfProject Value="True"/>
        <UnitName Value="ViewContratoDadosContratanteVO"/>
      </Unit316>
      <Unit317>
        <Filename Value="..\..\Comum\VO\ViewFinChequeEmitidoVO.pas"/>
        <IsPartOfProject Value="True"/>
        <UnitName Value="ViewFinChequeEmitidoVO"/>
      </Unit317>
      <Unit318>
        <Filename Value="..\..\Comum\VO\ViewFinChequeNaoCompensadoVO.pas"/>
        <IsPartOfProject Value="True"/>
        <UnitName Value="ViewFinChequeNaoCompensadoVO"/>
      </Unit318>
      <Unit319>
        <Filename Value="..\..\Comum\VO\ViewFinChequesEmSerVO.pas"/>
        <IsPartOfProject Value="True"/>
        <UnitName Value="ViewFinChequesEmSerVO"/>
      </Unit319>
      <Unit320>
        <Filename Value="..\..\Comum\VO\ViewFinFluxoCaixaVO.pas"/>
        <IsPartOfProject Value="True"/>
        <UnitName Value="ViewFinFluxoCaixaVO"/>
      </Unit320>
      <Unit321>
        <Filename Value="..\..\Comum\VO\ViewFinLancamentoPagarVO.pas"/>
        <IsPartOfProject Value="True"/>
        <UnitName Value="ViewFinLancamentoPagarVO"/>
      </Unit321>
      <Unit322>
        <Filename Value="..\..\Comum\VO\ViewFinLancamentoReceberVO.pas"/>
        <IsPartOfProject Value="True"/>
        <UnitName Value="ViewFinLancamentoReceberVO"/>
      </Unit322>
      <Unit323>
        <Filename Value="..\..\Comum\VO\ViewFinMovimentoCaixaBancoVO.pas"/>
        <IsPartOfProject Value="True"/>
        <UnitName Value="ViewFinMovimentoCaixaBancoVO"/>
      </Unit323>
      <Unit324>
        <Filename Value="..\..\Comum\VO\ViewFinResumoTesourariaVO.pas"/>
        <IsPartOfProject Value="True"/>
        <UnitName Value="ViewFinResumoTesourariaVO"/>
      </Unit324>
      <Unit325>
        <Filename Value="..\..\Comum\VO\ViewFinTotalPagamentosDiaVO.pas"/>
        <IsPartOfProject Value="True"/>
        <UnitName Value="ViewFinTotalPagamentosDiaVO"/>
      </Unit325>
      <Unit326>
        <Filename Value="..\..\Comum\VO\ViewFinTotalRecebimentosDiaVO.pas"/>
        <IsPartOfProject Value="True"/>
        <UnitName Value="ViewFinTotalRecebimentosDiaVO"/>
      </Unit326>
      <Unit327>
        <Filename Value="..\..\Comum\VO\ViewPessoaClienteVO.pas"/>
        <IsPartOfProject Value="True"/>
        <UnitName Value="ViewPessoaClienteVO"/>
      </Unit327>
      <Unit328>
        <Filename Value="..\..\Comum\VO\ViewPessoaColaboradorVO.pas"/>
        <IsPartOfProject Value="True"/>
        <UnitName Value="ViewPessoaColaboradorVO"/>
      </Unit328>
      <Unit329>
        <Filename Value="..\..\Comum\VO\ViewPessoaFornecedorVO.pas"/>
        <IsPartOfProject Value="True"/>
        <UnitName Value="ViewPessoaFornecedorVO"/>
      </Unit329>
      <Unit330>
        <Filename Value="..\..\Comum\VO\ViewPessoaTransportadoraVO.pas"/>
        <IsPartOfProject Value="True"/>
        <UnitName Value="ViewPessoaTransportadoraVO"/>
      </Unit330>
      <Unit331>
        <Filename Value="..\..\Comum\VO\ViewPontoEscalaTurmaVO.pas"/>
        <IsPartOfProject Value="True"/>
        <UnitName Value="ViewPontoEscalaTurmaVO"/>
      </Unit331>
      <Unit332>
        <Filename Value="..\..\Comum\VO\ViewPontoMarcacaoVO.pas"/>
        <IsPartOfProject Value="True"/>
        <UnitName Value="ViewPontoMarcacaoVO"/>
      </Unit332>
      <Unit333>
        <Filename Value="..\..\Comum\VO\ViewSessaoEmpresaVO.pas"/>
        <IsPartOfProject Value="True"/>
        <UnitName Value="ViewSessaoEmpresaVO"/>
      </Unit333>
      <Unit334>
        <Filename Value="..\..\Comum\VO\ViewSintegra60dVO.pas"/>
        <IsPartOfProject Value="True"/>
        <UnitName Value="ViewSintegra60dVO"/>
      </Unit334>
      <Unit335>
        <Filename Value="..\..\Comum\VO\ViewSintegra60rVO.pas"/>
        <IsPartOfProject Value="True"/>
        <UnitName Value="ViewSintegra60rVO"/>
      </Unit335>
      <Unit336>
        <Filename Value="..\..\Comum\VO\ViewSintegra61rVO.pas"/>
        <IsPartOfProject Value="True"/>
        <UnitName Value="ViewSintegra61rVO"/>
      </Unit336>
      <Unit337>
        <Filename Value="..\..\Comum\VO\ViewSpedC190VO.pas"/>
        <IsPartOfProject Value="True"/>
        <UnitName Value="ViewSpedC190VO"/>
      </Unit337>
      <Unit338>
        <Filename Value="..\..\Comum\VO\ViewSpedC300VO.pas"/>
        <IsPartOfProject Value="True"/>
        <UnitName Value="ViewSpedC300VO"/>
      </Unit338>
      <Unit339>
        <Filename Value="..\..\Comum\VO\ViewSpedC321VO.pas"/>
        <IsPartOfProject Value="True"/>
        <UnitName Value="ViewSpedC321VO"/>
      </Unit339>
      <Unit340>
        <Filename Value="..\..\Comum\VO\ViewSpedC370VO.pas"/>
        <IsPartOfProject Value="True"/>
        <UnitName Value="ViewSpedC370VO"/>
      </Unit340>
      <Unit341>
        <Filename Value="..\..\Comum\VO\ViewSpedC390VO.pas"/>
        <IsPartOfProject Value="True"/>
        <UnitName Value="ViewSpedC390VO"/>
      </Unit341>
      <Unit342>
        <Filename Value="..\..\Comum\VO\ViewSpedC425VO.pas"/>
        <IsPartOfProject Value="True"/>
        <UnitName Value="ViewSpedC425VO"/>
      </Unit342>
      <Unit343>
        <Filename Value="..\..\Comum\VO\ViewSpedC490VO.pas"/>
        <IsPartOfProject Value="True"/>
        <UnitName Value="ViewSpedC490VO"/>
      </Unit343>
      <Unit344>
        <Filename Value="..\..\Comum\VO\ViewSpedNfeDestinatarioVO.pas"/>
        <IsPartOfProject Value="True"/>
        <UnitName Value="ViewSpedNfeDestinatarioVO"/>
      </Unit344>
      <Unit345>
        <Filename Value="..\..\Comum\VO\ViewSpedNfeDetalheVO.pas"/>
        <IsPartOfProject Value="True"/>
        <UnitName Value="ViewSpedNfeDetalheVO"/>
      </Unit345>
      <Unit346>
        <Filename Value="..\..\Comum\VO\ViewSpedNfeEmitenteVO.pas"/>
        <IsPartOfProject Value="True"/>
        <UnitName Value="ViewSpedNfeEmitenteVO"/>
      </Unit346>
      <Unit347>
        <Filename Value="..\..\Comum\VO\ViewSpedNfeItemVO.pas"/>
        <IsPartOfProject Value="True"/>
        <UnitName Value="ViewSpedNfeItemVO"/>
      </Unit347>
      <Unit348>
        <Filename Value="..\..\Comum\VO\ViewTributacaoCofinsVO.pas"/>
        <IsPartOfProject Value="True"/>
        <UnitName Value="ViewTributacaoCofinsVO"/>
      </Unit348>
      <Unit349>
        <Filename Value="..\..\Comum\VO\ViewTributacaoIcmsCustomVO.pas"/>
        <IsPartOfProject Value="True"/>
        <UnitName Value="ViewTributacaoIcmsCustomVO"/>
      </Unit349>
      <Unit350>
        <Filename Value="..\..\Comum\VO\ViewTributacaoIcmsVO.pas"/>
        <IsPartOfProject Value="True"/>
        <UnitName Value="ViewTributacaoIcmsVO"/>
      </Unit350>
      <Unit351>
        <Filename Value="..\..\Comum\VO\ViewTributacaoIpiVO.pas"/>
        <IsPartOfProject Value="True"/>
        <UnitName Value="ViewTributacaoIpiVO"/>
      </Unit351>
      <Unit352>
        <Filename Value="..\..\Comum\VO\ViewTributacaoIssVO.pas"/>
        <IsPartOfProject Value="True"/>
        <UnitName Value="ViewTributacaoIssVO"/>
      </Unit352>
      <Unit353>
        <Filename Value="..\..\Comum\VO\ViewTributacaoPisVO.pas"/>
        <IsPartOfProject Value="True"/>
        <UnitName Value="ViewTributacaoPisVO"/>
      </Unit353>
      <Unit354>
        <Filename Value="..\..\Comum\VO\VO.pas"/>
        <IsPartOfProject Value="True"/>
        <UnitName Value="VO"/>
      </Unit354>
      <Unit355>
        <Filename Value="..\Comum\Controller\EmpresaController.pas"/>
        <IsPartOfProject Value="True"/>
        <UnitName Value="EmpresaController"/>
      </Unit355>
      <Unit356>
        <Filename Value="Fluxo de Caixa\UMenu.pas"/>
        <IsPartOfProject Value="True"/>
        <ComponentName Value="FMenu"/>
        <HasResources Value="True"/>
        <ResourceBaseClass Value="Form"/>
        <UnitName Value="UMenu"/>
      </Unit356>
      <Unit357>
        <Filename Value="Fluxo de Caixa\UFinFluxoCaixa.pas"/>
        <IsPartOfProject Value="True"/>
        <ComponentName Value="FFinFluxoCaixa"/>
        <HasResources Value="True"/>
        <ResourceBaseClass Value="Form"/>
        <UnitName Value="UFinFluxoCaixa"/>
      </Unit357>
    </Units>
  </ProjectOptions>
  <CompilerOptions>
    <Version Value="11"/>
    <PathDelim Value="\"/>
    <Target>
      <Filename Value="T2TiERPFluxoCaixa"/>
    </Target>
    <SearchPaths>
      <IncludeFiles Value="$(ProjOutDir)"/>
      <OtherUnitFiles Value="..\Comum;..\Comum\Tela;..\Comum\DataModule;..\..\Comum;..\..\Comum\VO;..\Comum\Controller;Fluxo de Caixa"/>
      <UnitOutputDirectory Value="lib\$(TargetCPU)-$(TargetOS)"/>
    </SearchPaths>
    <Linking>
      <Options>
        <Win32>
          <GraphicApplication Value="True"/>
        </Win32>
      </Options>
    </Linking>
    <Other>
      <CompilerMessages>
        <MsgFileName Value=""/>
      </CompilerMessages>
      <CompilerPath Value="$(CompPath)"/>
    </Other>
  </CompilerOptions>
  <Debugging>
    <Exceptions Count="3">
      <Item1>
        <Name Value="EAbort"/>
      </Item1>
      <Item2>
        <Name Value="ECodetoolError"/>
      </Item2>
      <Item3>
        <Name Value="EFOpenError"/>
      </Item3>
    </Exceptions>
  </Debugging>
</CONFIG>
